{
  "name": "mysite",
  "version": "1.0.0",
  "lockfileVersion": 1,
  "requires": true,
  "dependencies": {
    "domino": {
      "version": "1.0.30",
      "resolved": "https://registry.npmjs.org/domino/-/domino-1.0.30.tgz",
      "integrity": "sha512-ikq8WiDSkICdkElud317F2Sigc6A3EDpWsxWBwIZqOl95km4p/Vc9Rj98id7qKgsjDmExj0AVM7JOd4bb647Xg=="
    },
    "jqdom": {
      "version": "0.0.5",
      "resolved": "https://registry.npmjs.org/jqdom/-/jqdom-0.0.5.tgz",
      "integrity": "sha1-GXsmt5Mp2ScQ9kIEFFwrvm69Zj0=",
      "requires": {
        "domino": "^1.0.17",
        "jquery": "^2.1.1"
      },
      "dependencies": {
        "jquery": {
          "version": "2.2.4",
          "resolved": "https://registry.npmjs.org/jquery/-/jquery-2.2.4.tgz",
          "integrity": "sha1-LInWiJterFIqfuoywUUhVZxsvwI="
        }
      }
    },
    "jquery": {
      "version": "3.5.1",
      "resolved": "https://registry.npmjs.org/jquery/-/jquery-3.5.1.tgz",
      "integrity": "sha512-XwIBPqcMn57FxfT+Go5pzySnm4KWkT1Tv7gjrpT1srtf8Weynl6R273VJ5GjkRb51IzMp5nbaPjJXMWeju2MKg=="
    },
    "node-fetch": {
      "version": "2.6.1",
      "resolved": "https://registry.npmjs.org/node-fetch/-/node-fetch-2.6.1.tgz",
      "integrity": "sha512-V4aYg89jEoVRxRb2fJdAg8FHvI7cEyYdVAh94HH0UIK8oJxUfkjlDQN9RbMx+bEjP7+ggMiFRprSti032Oipxw=="
    }
  }
}
